
Microsoft Visual Studio Solution File, Format Version 12.00
# Visual Studio Version 17
VisualStudioVersion = 17.11.35327.3
MinimumVisualStudioVersion = 10.0.40219.1
Project("{FAE04EC0-301F-11D3-BF4B-00C04F79EFBC}") = "Variant2", "Variant2.csproj", "{F2D1767F-BB38-4824-91F6-B677ED3316ED}"
EndProject
Project("{FAE04EC0-301F-11D3-BF4B-00C04F79EFBC}") = "UnitTestProject1", "..\UnitTestProject1\UnitTestProject1.csproj", "{CFA55723-7086-4DE5-AC16-2C7FE50F44F0}"
EndProject
Global
	GlobalSection(SolutionConfigurationPlatforms) = preSolution
		Debug|Any CPU = Debug|Any CPU
		Release|Any CPU = Release|Any CPU
	EndGlobalSection
	GlobalSection(ProjectConfigurationPlatforms) = postSolution
		{F2D1767F-BB38-4824-91F6-B677ED3316ED}.Debug|Any CPU.ActiveCfg = Debug|Any CPU
		{F2D1767F-BB38-4824-91F6-B677ED3316ED}.Debug|Any CPU.Build.0 = Debug|Any CPU
		{F2D1767F-BB38-4824-91F6-B677ED3316ED}.Release|Any CPU.ActiveCfg = Release|Any CPU
		{F2D1767F-BB38-4824-91F6-B677ED3316ED}.Release|Any CPU.Build.0 = Release|Any CPU
		{CFA55723-7086-4DE5-AC16-2C7FE50F44F0}.Debug|Any CPU.ActiveCfg = Debug|Any CPU
		{CFA55723-7086-4DE5-AC16-2C7FE50F44F0}.Debug|Any CPU.Build.0 = Debug|Any CPU
		{CFA55723-7086-4DE5-AC16-2C7FE50F44F0}.Release|Any CPU.ActiveCfg = Release|Any CPU
		{CFA55723-7086-4DE5-AC16-2C7FE50F44F0}.Release|Any CPU.Build.0 = Release|Any CPU
	EndGlobalSection
	GlobalSection(SolutionProperties) = preSolution
		HideSolutionNode = FALSE
	EndGlobalSection
	GlobalSection(ExtensibilityGlobals) = postSolution
		SolutionGuid = {46D170BE-66CB-4806-851A-CDBB9455F581}
	EndGlobalSection
EndGlobal
